
Microsoft Visual Studio Solution File, Format Version 12.00
# Visual Studio 15
VisualStudioVersion = 15.0.28307.106
MinimumVisualStudioVersion = 10.0.40219.1
Project("{FAE04EC0-301F-11D3-BF4B-00C04F79EFBC}") = "WebApplication", "WebApplication\WebApplication.csproj", "{3ECEFE0D-B272-40CE-8070-8AB37578FEC0}"
EndProject
Project("{FAE04EC0-301F-11D3-BF4B-00C04F79EFBC}") = "DBLibrary", "DBLibrary\DBLibrary.csproj", "{3B637A46-DCE0-44F1-AE0D-D053A491EB4B}"
EndProject
Global
	GlobalSection(SolutionConfigurationPlatforms) = preSolution
		Debug|Any CPU = Debug|Any CPU
		Release|Any CPU = Release|Any CPU
	EndGlobalSection
	GlobalSection(ProjectConfigurationPlatforms) = postSolution
		{3ECEFE0D-B272-40CE-8070-8AB37578FEC0}.Debug|Any CPU.ActiveCfg = Debug|Any CPU
		{3ECEFE0D-B272-40CE-8070-8AB37578FEC0}.Debug|Any CPU.Build.0 = Debug|Any CPU
		{3ECEFE0D-B272-40CE-8070-8AB37578FEC0}.Release|Any CPU.ActiveCfg = Release|Any CPU
		{3ECEFE0D-B272-40CE-8070-8AB37578FEC0}.Release|Any CPU.Build.0 = Release|Any CPU
		{3B637A46-DCE0-44F1-AE0D-D053A491EB4B}.Debug|Any CPU.ActiveCfg = Debug|Any CPU
		{3B637A46-DCE0-44F1-AE0D-D053A491EB4B}.Debug|Any CPU.Build.0 = Debug|Any CPU
		{3B637A46-DCE0-44F1-AE0D-D053A491EB4B}.Release|Any CPU.ActiveCfg = Release|Any CPU
		{3B637A46-DCE0-44F1-AE0D-D053A491EB4B}.Release|Any CPU.Build.0 = Release|Any CPU
	EndGlobalSection
	GlobalSection(SolutionProperties) = preSolution
		HideSolutionNode = FALSE
	EndGlobalSection
	GlobalSection(ExtensibilityGlobals) = postSolution
		SolutionGuid = {EB340C49-0EDC-4FDC-8F77-FA297910E6AE}
	EndGlobalSection
EndGlobal
